// !$*UTF8*$!
{
	archiveVersion = 1;
	classes = {
	};
	objectVersion = 51;
	objects = {

/* Begin PBXBuildFile section */
		0121DF8535D6A9397137A705 /* Pods_RX_TEST.framework in Frameworks */ = {isa = PBXBuildFile; fileRef = C00DDC738F2BE4B6B4B342E7 /* Pods_RX_TEST.framework */; };
		47BCEB1124540CF400841F61 /* AppDelegate.swift in Sources */ = {isa = PBXBuildFile; fileRef = 47BCEB1024540CF400841F61 /* AppDelegate.swift */; };
		47BCEB1324540CF400841F61 /* SceneDelegate.swift in Sources */ = {isa = PBXBuildFile; fileRef = 47BCEB1224540CF400841F61 /* SceneDelegate.swift */; };
		47BCEB1524540CF400841F61 /* ViewController.swift in Sources */ = {isa = PBXBuildFile; fileRef = 47BCEB1424540CF400841F61 /* ViewController.swift */; };
		47BCEB1824540CF400841F61 /* Main.storyboard in Resources */ = {isa = PBXBuildFile; fileRef = 47BCEB1624540CF400841F61 /* Main.storyboard */; };
		47BCEB1A24540CF600841F61 /* Assets.xcassets in Resources */ = {isa = PBXBuildFile; fileRef = 47BCEB1924540CF600841F61 /* Assets.xcassets */; };
		47BCEB1D24540CF600841F61 /* LaunchScreen.storyboard in Resources */ = {isa = PBXBuildFile; fileRef = 47BCEB1B24540CF600841F61 /* LaunchScreen.storyboard */; };
		47D9C1BC2455557B00C072FA /* PhotoCollectionViewController.swift in Sources */ = {isa = PBXBuildFile; fileRef = 47D9C1BB2455557B00C072FA /* PhotoCollectionViewController.swift */; };
		47D9C1BE24555B2D00C072FA /* PhotoSelectionItem.swift in Sources */ = {isa = PBXBuildFile; fileRef = 47D9C1BD24555B2D00C072FA /* PhotoSelectionItem.swift */; };
/* End PBXBuildFile section */

/* Begin PBXFileReference section */
		477344B124540F9200E442B0 /* _HelloRxPlayground.playground */ = {isa = PBXFileReference; lastKnownFileType = file.playground; path = _HelloRxPlayground.playground; sourceTree = SOURCE_ROOT; xcLanguageSpecificationIdentifier = xcode.lang.swift; };
		47BCEB0D24540CF400841F61 /* RX_TEST.app */ = {isa = PBXFileReference; explicitFileType = wrapper.application; includeInIndex = 0; path = RX_TEST.app; sourceTree = BUILT_PRODUCTS_DIR; };
		47BCEB1024540CF400841F61 /* AppDelegate.swift */ = {isa = PBXFileReference; lastKnownFileType = sourcecode.swift; path = AppDelegate.swift; sourceTree = "<group>"; };
		47BCEB1224540CF400841F61 /* SceneDelegate.swift */ = {isa = PBXFileReference; lastKnownFileType = sourcecode.swift; path = SceneDelegate.swift; sourceTree = "<group>"; };
		47BCEB1424540CF400841F61 /* ViewController.swift */ = {isa = PBXFileReference; lastKnownFileType = sourcecode.swift; path = ViewController.swift; sourceTree = "<group>"; };
		47BCEB1724540CF400841F61 /* Base */ = {isa = PBXFileReference; lastKnownFileType = file.storyboard; name = Base; path = Base.lproj/Main.storyboard; sourceTree = "<group>"; };
		47BCEB1924540CF600841F61 /* Assets.xcassets */ = {isa = PBXFileReference; lastKnownFileType = folder.assetcatalog; path = Assets.xcassets; sourceTree = "<group>"; };
		47BCEB1C24540CF600841F61 /* Base */ = {isa = PBXFileReference; lastKnownFileType = file.storyboard; name = Base; path = Base.lproj/LaunchScreen.storyboard; sourceTree = "<group>"; };
		47BCEB1E24540CF600841F61 /* Info.plist */ = {isa = PBXFileReference; lastKnownFileType = text.plist.xml; path = Info.plist; sourceTree = "<group>"; };
		47D9C1B824554E6A00C072FA /* _HelloRxPlaygroundSubject.playground */ = {isa = PBXFileReference; lastKnownFileType = file.playground; path = _HelloRxPlaygroundSubject.playground; sourceTree = "<group>"; xcLanguageSpecificationIdentifier = xcode.lang.swift; };
		47D9C1BA2455537F00C072FA /* _RxCocoa.playground */ = {isa = PBXFileReference; lastKnownFileType = file.playground; path = _RxCocoa.playground; sourceTree = "<group>"; xcLanguageSpecificationIdentifier = xcode.lang.swift; };
		47D9C1BB2455557B00C072FA /* PhotoCollectionViewController.swift */ = {isa = PBXFileReference; lastKnownFileType = sourcecode.swift; path = PhotoCollectionViewController.swift; sourceTree = "<group>"; };
		47D9C1BD24555B2D00C072FA /* PhotoSelectionItem.swift */ = {isa = PBXFileReference; lastKnownFileType = sourcecode.swift; path = PhotoSelectionItem.swift; sourceTree = "<group>"; };
		661232E75CDEA33CD7E7E72C /* Pods-RX_TEST.debug.xcconfig */ = {isa = PBXFileReference; includeInIndex = 1; lastKnownFileType = text.xcconfig; name = "Pods-RX_TEST.debug.xcconfig"; path = "Target Support Files/Pods-RX_TEST/Pods-RX_TEST.debug.xcconfig"; sourceTree = "<group>"; };
		A227B6C177F93A36DF2A6BDB /* Pods-RX_TEST.release.xcconfig */ = {isa = PBXFileReference; includeInIndex = 1; lastKnownFileType = text.xcconfig; name = "Pods-RX_TEST.release.xcconfig"; path = "Target Support Files/Pods-RX_TEST/Pods-RX_TEST.release.xcconfig"; sourceTree = "<group>"; };
		C00DDC738F2BE4B6B4B342E7 /* Pods_RX_TEST.framework */ = {isa = PBXFileReference; explicitFileType = wrapper.framework; includeInIndex = 0; path = Pods_RX_TEST.framework; sourceTree = BUILT_PRODUCTS_DIR; };
/* End PBXFileReference section */

/* Begin PBXFrameworksBuildPhase section */
		47BCEB0A24540CF400841F61 /* Frameworks */ = {
			isa = PBXFrameworksBuildPhase;
			buildActionMask = 2147483647;
			files = (
				0121DF8535D6A9397137A705 /* Pods_RX_TEST.framework in Frameworks */,
			);
			runOnlyForDeploymentPostprocessing = 0;
		};
/* End PBXFrameworksBuildPhase section */

/* Begin PBXGroup section */
		47BCEB0424540CF400841F61 = {
			isa = PBXGroup;
			children = (
				47BCEB0F24540CF400841F61 /* RX_TEST */,
				47BCEB0E24540CF400841F61 /* Products */,
				BC7B657A66AC0812B394E2C3 /* Pods */,
				FA9617F1089B39E35611DD93 /* Frameworks */,
			);
			sourceTree = "<group>";
		};
		47BCEB0E24540CF400841F61 /* Products */ = {
			isa = PBXGroup;
			children = (
				47BCEB0D24540CF400841F61 /* RX_TEST.app */,
			);
			name = Products;
			sourceTree = "<group>";
		};
		47BCEB0F24540CF400841F61 /* RX_TEST */ = {
			isa = PBXGroup;
			children = (
				477344B124540F9200E442B0 /* _HelloRxPlayground.playground */,
				47D9C1B824554E6A00C072FA /* _HelloRxPlaygroundSubject.playground */,
				47D9C1BA2455537F00C072FA /* _RxCocoa.playground */,
				47BCEB1024540CF400841F61 /* AppDelegate.swift */,
				47BCEB1924540CF600841F61 /* Assets.xcassets */,
				47BCEB1E24540CF600841F61 /* Info.plist */,
				47BCEB1B24540CF600841F61 /* LaunchScreen.storyboard */,
				47BCEB1624540CF400841F61 /* Main.storyboard */,
				47BCEB1224540CF400841F61 /* SceneDelegate.swift */,
				47D9C1BB2455557B00C072FA /* PhotoCollectionViewController.swift */,
				47D9C1BD24555B2D00C072FA /* PhotoSelectionItem.swift */,
				47BCEB1424540CF400841F61 /* ViewController.swift */,
			);
			path = RX_TEST;
			sourceTree = "<group>";
		};
		BC7B657A66AC0812B394E2C3 /* Pods */ = {
			isa = PBXGroup;
			children = (
				661232E75CDEA33CD7E7E72C /* Pods-RX_TEST.debug.xcconfig */,
				A227B6C177F93A36DF2A6BDB /* Pods-RX_TEST.release.xcconfig */,
			);
			path = Pods;
			sourceTree = "<group>";
		};
		FA9617F1089B39E35611DD93 /* Frameworks */ = {
			isa = PBXGroup;
			children = (
				C00DDC738F2BE4B6B4B342E7 /* Pods_RX_TEST.framework */,
			);
			name = Frameworks;
			sourceTree = "<group>";
		};
/* End PBXGroup section */

/* Begin PBXNativeTarget section */
		47BCEB0C24540CF400841F61 /* RX_TEST */ = {
			isa = PBXNativeTarget;
			buildConfigurationList = 47BCEB2124540CF600841F61 /* Build configuration list for PBXNativeTarget "RX_TEST" */;
			buildPhases = (
				C15BD37A2424A00B6A47E69D /* [CP] Check Pods Manifest.lock */,
				47BCEB0924540CF400841F61 /* Sources */,
				47BCEB0A24540CF400841F61 /* Frameworks */,
				47BCEB0B24540CF400841F61 /* Resources */,
				D1EDBC1D3024D9B7EBA36D83 /* [CP] Embed Pods Frameworks */,
			);
			buildRules = (
			);
			dependencies = (
			);
			name = RX_TEST;
			productName = RX_TEST;
			productReference = 47BCEB0D24540CF400841F61 /* RX_TEST.app */;
			productType = "com.apple.product-type.application";
		};
/* End PBXNativeTarget section */

/* Begin PBXProject section */
		47BCEB0524540CF400841F61 /* Project object */ = {
			isa = PBXProject;
			attributes = {
				LastSwiftUpdateCheck = 1140;
				LastUpgradeCheck = 1140;
				ORGANIZATIONNAME = "ようへい";
				TargetAttributes = {
					47BCEB0C24540CF400841F61 = {
						CreatedOnToolsVersion = 11.4.1;
					};
				};
			};
			buildConfigurationList = 47BCEB0824540CF400841F61 /* Build configuration list for PBXProject "RX_TEST" */;
			compatibilityVersion = "Xcode 9.3";
			developmentRegion = en;
			hasScannedForEncodings = 0;
			knownRegions = (
				en,
				Base,
			);
			mainGroup = 47BCEB0424540CF400841F61;
			productRefGroup = 47BCEB0E24540CF400841F61 /* Products */;
			projectDirPath = "";
			projectRoot = "";
			targets = (
				47BCEB0C24540CF400841F61 /* RX_TEST */,
			);
		};
/* End PBXProject section */

/* Begin PBXResourcesBuildPhase section */
		47BCEB0B24540CF400841F61 /* Resources */ = {
			isa = PBXResourcesBuildPhase;
			buildActionMask = 2147483647;
			files = (
				47BCEB1D24540CF600841F61 /* LaunchScreen.storyboard in Resources */,
				47BCEB1A24540CF600841F61 /* Assets.xcassets in Resources */,
				47BCEB1824540CF400841F61 /* Main.storyboard in Resources */,
			);
			runOnlyForDeploymentPostprocessing = 0;
		};
/* End PBXResourcesBuildPhase section */

/* Begin PBXShellScriptBuildPhase section */
		C15BD37A2424A00B6A47E69D /* [CP] Check Pods Manifest.lock */ = {
			isa = PBXShellScriptBuildPhase;
			buildActionMask = 2147483647;
			files = (
			);
			inputFileListPaths = (
			);
			inputPaths = (
				"${PODS_PODFILE_DIR_PATH}/Podfile.lock",
				"${PODS_ROOT}/Manifest.lock",
			);
			name = "[CP] Check Pods Manifest.lock";
			outputFileListPaths = (
			);
			outputPaths = (
				"$(DERIVED_FILE_DIR)/Pods-RX_TEST-checkManifestLockResult.txt",
			);
			runOnlyForDeploymentPostprocessing = 0;
			shellPath = /bin/sh;
			shellScript = "diff \"${PODS_PODFILE_DIR_PATH}/Podfile.lock\" \"${PODS_ROOT}/Manifest.lock\" > /dev/null\nif [ $? != 0 ] ; then\n    # print error to STDERR\n    echo \"error: The sandbox is not in sync with the Podfile.lock. Run 'pod install' or update your CocoaPods installation.\" >&2\n    exit 1\nfi\n# This output is used by Xcode 'outputs' to avoid re-running this script phase.\necho \"SUCCESS\" > \"${SCRIPT_OUTPUT_FILE_0}\"\n";
			showEnvVarsInLog = 0;
		};
		D1EDBC1D3024D9B7EBA36D83 /* [CP] Embed Pods Frameworks */ = {
			isa = PBXShellScriptBuildPhase;
			buildActionMask = 2147483647;
			files = (
			);
			inputFileListPaths = (
				"${PODS_ROOT}/Target Support Files/Pods-RX_TEST/Pods-RX_TEST-frameworks-${CONFIGURATION}-input-files.xcfilelist",
			);
			name = "[CP] Embed Pods Frameworks";
			outputFileListPaths = (
				"${PODS_ROOT}/Target Support Files/Pods-RX_TEST/Pods-RX_TEST-frameworks-${CONFIGURATION}-output-files.xcfilelist",
			);
			runOnlyForDeploymentPostprocessing = 0;
			shellPath = /bin/sh;
			shellScript = "\"${PODS_ROOT}/Target Support Files/Pods-RX_TEST/Pods-RX_TEST-frameworks.sh\"\n";
			showEnvVarsInLog = 0;
		};
/* End PBXShellScriptBuildPhase section */

/* Begin PBXSourcesBuildPhase section */
		47BCEB0924540CF400841F61 /* Sources */ = {
			isa = PBXSourcesBuildPhase;
			buildActionMask = 2147483647;
			files = (
				47BCEB1524540CF400841F61 /* ViewController.swift in Sources */,
				47D9C1BE24555B2D00C072FA /* PhotoSelectionItem.swift in Sources */,
				47BCEB1124540CF400841F61 /* AppDelegate.swift in Sources */,
				47BCEB1324540CF400841F61 /* SceneDelegate.swift in Sources */,
				47D9C1BC2455557B00C072FA /* PhotoCollectionViewController.swift in Sources */,
			);
			runOnlyForDeploymentPostprocessing = 0;
		};
/* End PBXSourcesBuildPhase section */

/* Begin PBXVariantGroup section */
		47BCEB1624540CF400841F61 /* Main.storyboard */ = {
			isa = PBXVariantGroup;
			children = (
				47BCEB1724540CF400841F61 /* Base */,
			);
			name = Main.storyboard;
			sourceTree = "<group>";
		};
		47BCEB1B24540CF600841F61 /* LaunchScreen.storyboard */ = {
			isa = PBXVariantGroup;
			children = (
				47BCEB1C24540CF600841F61 /* Base */,
			);
			name = LaunchScreen.storyboard;
			sourceTree = "<group>";
		};
/* End PBXVariantGroup section */

/* Begin XCBuildConfiguration section */
		47BCEB1F24540CF600841F61 /* Debug */ = {
			isa = XCBuildConfiguration;
			buildSettings = {
				ALWAYS_SEARCH_USER_PATHS = NO;
				CLANG_ANALYZER_NONNULL = YES;
				CLANG_ANALYZER_NUMBER_OBJECT_CONVERSION = YES_AGGRESSIVE;
				CLANG_CXX_LANGUAGE_STANDARD = "gnu++14";
				CLANG_CXX_LIBRARY = "libc++";
				CLANG_ENABLE_MODULES = YES;
				CLANG_ENABLE_OBJC_ARC = YES;
				CLANG_ENABLE_OBJC_WEAK = YES;
				CLANG_WARN_BLOCK_CAPTURE_AUTORELEASING = YES;
				CLANG_WARN_BOOL_CONVERSION = YES;
				CLANG_WARN_COMMA = YES;
				CLANG_WARN_CONSTANT_CONVERSION = YES;
				CLANG_WARN_DEPRECATED_OBJC_IMPLEMENTATIONS = YES;
				CLANG_WARN_DIRECT_OBJC_ISA_USAGE = YES_ERROR;
				CLANG_WARN_DOCUMENTATION_COMMENTS = YES;
				CLANG_WARN_EMPTY_BODY = YES;
				CLANG_WARN_ENUM_CONVERSION = YES;
				CLANG_WARN_INFINITE_RECURSION = YES;
				CLANG_WARN_INT_CONVERSION = YES;
				CLANG_WARN_NON_LITERAL_NULL_CONVERSION = YES;
				CLANG_WARN_OBJC_IMPLICIT_RETAIN_SELF = YES;
				CLANG_WARN_OBJC_LITERAL_CONVERSION = YES;
				CLANG_WARN_OBJC_ROOT_CLASS = YES_ERROR;
				CLANG_WARN_RANGE_LOOP_ANALYSIS = YES;
				CLANG_WARN_STRICT_PROTOTYPES = YES;
				CLANG_WARN_SUSPICIOUS_MOVE = YES;
				CLANG_WARN_UNGUARDED_AVAILABILITY = YES_AGGRESSIVE;
				CLANG_WARN_UNREACHABLE_CODE = YES;
				CLANG_WARN__DUPLICATE_METHOD_MATCH = YES;
				COPY_PHASE_STRIP = NO;
				DEBUG_INFORMATION_FORMAT = dwarf;
				ENABLE_STRICT_OBJC_MSGSEND = YES;
				ENABLE_TESTABILITY = YES;
				GCC_C_LANGUAGE_STANDARD = gnu11;
				GCC_DYNAMIC_NO_PIC = NO;
				GCC_NO_COMMON_BLOCKS = YES;
				GCC_OPTIMIZATION_LEVEL = 0;
				GCC_PREPROCESSOR_DEFINITIONS = (
					"DEBUG=1",
					"$(inherited)",
				);
				GCC_WARN_64_TO_32_BIT_CONVERSION = YES;
				GCC_WARN_ABOUT_RETURN_TYPE = YES_ERROR;
				GCC_WARN_UNDECLARED_SELECTOR = YES;
				GCC_WARN_UNINITIALIZED_AUTOS = YES_AGGRESSIVE;
				GCC_WARN_UNUSED_FUNCTION = YES;
				GCC_WARN_UNUSED_VARIABLE = YES;
				IPHONEOS_DEPLOYMENT_TARGET = 13.4;
				MTL_ENABLE_DEBUG_INFO = INCLUDE_SOURCE;
				MTL_FAST_MATH = YES;
				ONLY_ACTIVE_ARCH = YES;
				SDKROOT = iphoneos;
				SWIFT_ACTIVE_COMPILATION_CONDITIONS = DEBUG;
				SWIFT_OPTIMIZATION_LEVEL = "-Onone";
			};
			name = Debug;
		};
		47BCEB2024540CF600841F61 /* Release */ = {
			isa = XCBuildConfiguration;
			buildSettings = {
				ALWAYS_SEARCH_USER_PATHS = NO;
				CLANG_ANALYZER_NONNULL = YES;
				CLANG_ANALYZER_NUMBER_OBJECT_CONVERSION = YES_AGGRESSIVE;
				CLANG_CXX_LANGUAGE_STANDARD = "gnu++14";
				CLANG_CXX_LIBRARY = "libc++";
				CLANG_ENABLE_MODULES = YES;
				CLANG_ENABLE_OBJC_ARC = YES;
				CLANG_ENABLE_OBJC_WEAK = YES;
				CLANG_WARN_BLOCK_CAPTURE_AUTORELEASING = YES;
				CLANG_WARN_BOOL_CONVERSION = YES;
				CLANG_WARN_COMMA = YES;
				CLANG_WARN_CONSTANT_CONVERSION = YES;
				CLANG_WARN_DEPRECATED_OBJC_IMPLEMENTATIONS = YES;
				CLANG_WARN_DIRECT_OBJC_ISA_USAGE = YES_ERROR;
				CLANG_WARN_DOCUMENTATION_COMMENTS = YES;
				CLANG_WARN_EMPTY_BODY = YES;
				CLANG_WARN_ENUM_CONVERSION = YES;
				CLANG_WARN_INFINITE_RECURSION = YES;
				CLANG_WARN_INT_CONVERSION = YES;
				CLANG_WARN_NON_LITERAL_NULL_CONVERSION = YES;
				CLANG_WARN_OBJC_IMPLICIT_RETAIN_SELF = YES;
				CLANG_WARN_OBJC_LITERAL_CONVERSION = YES;
				CLANG_WARN_OBJC_ROOT_CLASS = YES_ERROR;
				CLANG_WARN_RANGE_LOOP_ANALYSIS = YES;
				CLANG_WARN_STRICT_PROTOTYPES = YES;
				CLANG_WARN_SUSPICIOUS_MOVE = YES;
				CLANG_WARN_UNGUARDED_AVAILABILITY = YES_AGGRESSIVE;
				CLANG_WARN_UNREACHABLE_CODE = YES;
				CLANG_WARN__DUPLICATE_METHOD_MATCH = YES;
				COPY_PHASE_STRIP = NO;
				DEBUG_INFORMATION_FORMAT = "dwarf-with-dsym";
				ENABLE_NS_ASSERTIONS = NO;
				ENABLE_STRICT_OBJC_MSGSEND = YES;
				GCC_C_LANGUAGE_STANDARD = gnu11;
				GCC_NO_COMMON_BLOCKS = YES;
				GCC_WARN_64_TO_32_BIT_CONVERSION = YES;
				GCC_WARN_ABOUT_RETURN_TYPE = YES_ERROR;
				GCC_WARN_UNDECLARED_SELECTOR = YES;
				GCC_WARN_UNINITIALIZED_AUTOS = YES_AGGRESSIVE;
				GCC_WARN_UNUSED_FUNCTION = YES;
				GCC_WARN_UNUSED_VARIABLE = YES;
				IPHONEOS_DEPLOYMENT_TARGET = 13.4;
				MTL_ENABLE_DEBUG_INFO = NO;
				MTL_FAST_MATH = YES;
				SDKROOT = iphoneos;
				SWIFT_COMPILATION_MODE = wholemodule;
				SWIFT_OPTIMIZATION_LEVEL = "-O";
				VALIDATE_PRODUCT = YES;
			};
			name = Release;
		};
		47BCEB2224540CF600841F61 /* Debug */ = {
			isa = XCBuildConfiguration;
			baseConfigurationReference = 661232E75CDEA33CD7E7E72C /* Pods-RX_TEST.debug.xcconfig */;
			buildSettings = {
				ASSETCATALOG_COMPILER_APPICON_NAME = AppIcon;
				CODE_SIGN_STYLE = Automatic;
				INFOPLIST_FILE = RX_TEST/Info.plist;
				LD_RUNPATH_SEARCH_PATHS = (
					"$(inherited)",
					"@executable_path/Frameworks",
				);
				PRODUCT_BUNDLE_IDENTIFIER = "a.RX-TEST";
				PRODUCT_NAME = "$(TARGET_NAME)";
				SWIFT_VERSION = 5.0;
				TARGETED_DEVICE_FAMILY = "1,2";
			};
			name = Debug;
		};
		47BCEB2324540CF600841F61 /* Release */ = {
			isa = XCBuildConfiguration;
			baseConfigurationReference = A227B6C177F93A36DF2A6BDB /* Pods-RX_TEST.release.xcconfig */;
			buildSettings = {
				ASSETCATALOG_COMPILER_APPICON_NAME = AppIcon;
				CODE_SIGN_STYLE = Automatic;
				INFOPLIST_FILE = RX_TEST/Info.plist;
				LD_RUNPATH_SEARCH_PATHS = (
					"$(inherited)",
					"@executable_path/Frameworks",
				);
				PRODUCT_BUNDLE_IDENTIFIER = "a.RX-TEST";
				PRODUCT_NAME = "$(TARGET_NAME)";
				SWIFT_VERSION = 5.0;
				TARGETED_DEVICE_FAMILY = "1,2";
			};
			name = Release;
		};
/* End XCBuildConfiguration section */

/* Begin XCConfigurationList section */
		47BCEB0824540CF400841F61 /* Build configuration list for PBXProject "RX_TEST" */ = {
			isa = XCConfigurationList;
			buildConfigurations = (
				47BCEB1F24540CF600841F61 /* Debug */,
				47BCEB2024540CF600841F61 /* Release */,
			);
			defaultConfigurationIsVisible = 0;
			defaultConfigurationName = Release;
		};
		47BCEB2124540CF600841F61 /* Build configuration list for PBXNativeTarget "RX_TEST" */ = {
			isa = XCConfigurationList;
			buildConfigurations = (
				47BCEB2224540CF600841F61 /* Debug */,
				47BCEB2324540CF600841F61 /* Release */,
			);
			defaultConfigurationIsVisible = 0;
			defaultConfigurationName = Release;
		};
/* End XCConfigurationList section */
	};
	rootObject = 47BCEB0524540CF400841F61 /* Project object */;
}
